
Microsoft Visual Studio Solution File, Format Version 9.00
# Visual Studio 2005
Project("{FAE04EC0-301F-11D3-BF4B-00C04F79EFBC}") = "qol", "qol_1.1.6.3b1.csproj", "{D65B5609-D1E2-4574-AAA4-5F92DD213842}"
EndProject
Global
	GlobalSection(SolutionConfigurationPlatforms) = preSolution
		Debug|Any CPU = Debug|Any CPU
		Release|Any CPU = Release|Any CPU
	EndGlobalSection
	GlobalSection(ProjectConfigurationPlatforms) = postSolution
		{D65B5609-D1E2-4574-AAA4-5F92DD213842}.Debug|Any CPU.ActiveCfg = Debug|Any CPU
		{D65B5609-D1E2-4574-AAA4-5F92DD213842}.Debug|Any CPU.Build.0 = Debug|Any CPU
		{D65B5609-D1E2-4574-AAA4-5F92DD213842}.Release|Any CPU.ActiveCfg = Release|Any CPU
		{D65B5609-D1E2-4574-AAA4-5F92DD213842}.Release|Any CPU.Build.0 = Release|Any CPU
	EndGlobalSection
	GlobalSection(SolutionProperties) = preSolution
		HideSolutionNode = FALSE
	EndGlobalSection
EndGlobal
